{
  "version": 4,
  "terraform_version": "1.3.5",
  "serial": 15,
  "lineage": "af905223-5c91-4f46-ce7c-7a0e57326c04",
  "outputs": {
    "external_ip_address_vm_1": {
      "value": "158.160.46.196",
      "type": "string"
    },
    "internal_ip_address_vm_1": {
      "value": "192.168.10.14",
      "type": "string"
    }
  },
  "resources": [
    {
      "mode": "managed",
      "type": "yandex_compute_instance",
      "name": "vm-1",
      "provider": "provider[\"registry.terraform.io/yandex-cloud/yandex\"]",
      "instances": [
        {
          "schema_version": 1,
          "attributes": {
            "allow_recreate": null,
            "allow_stopping_for_update": null,
            "boot_disk": [
              {
                "auto_delete": true,
                "device_name": "fhmqr62d4oufofbo6pvu",
                "disk_id": "fhmqr62d4oufofbo6pvu",
                "initialize_params": [
                  {
                    "block_size": 4096,
                    "description": "",
                    "image_id": "fd8kb72eo1r5fs97a1ki",
                    "name": "",
                    "size": 5,
                    "snapshot_id": "",
                    "type": "network-hdd"
                  }
                ],
                "mode": "READ_WRITE"
              }
            ],
            "created_at": "2022-11-30T12:43:15Z",
            "description": "",
            "folder_id": "b1gsm6ulbotlg988lk8m",
            "fqdn": "fhmo72d9l9gfqlfpm0tb.auto.internal",
            "hostname": "",
            "id": "fhmo72d9l9gfqlfpm0tb",
            "labels": null,
            "local_disk": [],
            "metadata": {
              "ssh-keys": "ubuntu:ssh-rsa AAAAB3NzaC1yc2EAAAADAQABAAABgQCV+TxFqcprlzEb+KyTuTgiAv0UG866Ijv1TlZjz9zCAVftFQ6RP7iBjXOKP+iXXIkzyOwLqJD8YwpuSic8KGWkLHcD1yOWwbHHmb50NJDaaHvPaeFvu7owfqhgcn+GDiuIrrNmkea/6fVR/huZbhfEI8KKG19R6kVwJFjhBYGgg6A1+y8Q/zE8GuAgQUTglHhOhtTeVkooUEss00e/hBmMixIb3i+y2PzGqq0lW9CsWEM+CB8wQ7uidxIgJofYE7MMhdaGWjILAYsEo0cAOF34TttIVk5ZckrIOJaEitDUmVYxJ5F2TH3Adph2n594rt5ZTYWLAYAARTFQ6LaSyPAp1emJ97ShdQVt9yRuhQJTufVjRkYJeH7lHijpzU6AXnQsy68/wgd9LjTLg+q1xxoRMR77SxGadUGabodPKeaKKCFKZ9GQ6NYbllgFhaTCZKFx/bboHd4bUwyV/IErcebNzEwqGy7XqgPAvcATOfAk4vj2bkvWqMe56e9W4JH9PbU= alex@alex-pc\n"
            },
            "name": "ubuntu",
            "network_acceleration_type": "standard",
            "network_interface": [
              {
                "dns_record": [],
                "index": 0,
                "ip_address": "192.168.10.14",
                "ipv4": true,
                "ipv6": false,
                "ipv6_address": "",
                "ipv6_dns_record": [],
                "mac_address": "d0:0d:18:38:9a:9a",
                "nat": true,
                "nat_dns_record": [],
                "nat_ip_address": "158.160.46.196",
                "nat_ip_version": "IPV4",
                "security_group_ids": [],
                "subnet_id": "e9bhmt5t7a6ed719kmdc"
              }
            ],
            "placement_policy": [
              {
                "host_affinity_rules": [],
                "placement_group_id": ""
              }
            ],
            "platform_id": "standard-v1",
            "resources": [
              {
                "core_fraction": 100,
                "cores": 2,
                "gpus": 0,
                "memory": 2
              }
            ],
            "scheduling_policy": [
              {
                "preemptible": false
              }
            ],
            "secondary_disk": [],
            "service_account_id": "",
            "status": "running",
            "timeouts": null,
            "zone": "ru-central1-a"
          },
          "sensitive_attributes": [],
          "private": "eyJlMmJmYjczMC1lY2FhLTExZTYtOGY4OC0zNDM2M2JjN2M0YzAiOnsiY3JlYXRlIjozMDAwMDAwMDAwMDAsImRlbGV0ZSI6MzAwMDAwMDAwMDAwLCJ1cGRhdGUiOjMwMDAwMDAwMDAwMH0sInNjaGVtYV92ZXJzaW9uIjoiMSJ9",
          "dependencies": [
            "yandex_vpc_network.network-1",
            "yandex_vpc_subnet.subnet-1"
          ]
        }
      ]
    },
    {
      "mode": "managed",
      "type": "yandex_vpc_network",
      "name": "network-1",
      "provider": "provider[\"registry.terraform.io/yandex-cloud/yandex\"]",
      "instances": [
        {
          "schema_version": 0,
          "attributes": {
            "created_at": "2022-11-30T12:43:12Z",
            "default_security_group_id": "",
            "description": "",
            "folder_id": "b1gsm6ulbotlg988lk8m",
            "id": "enpsoujac1r4ar7undgu",
            "labels": {},
            "name": "network1",
            "subnet_ids": [],
            "timeouts": null
          },
          "sensitive_attributes": [],
          "private": "eyJlMmJmYjczMC1lY2FhLTExZTYtOGY4OC0zNDM2M2JjN2M0YzAiOnsiY3JlYXRlIjo2MDAwMDAwMDAwMCwiZGVsZXRlIjo2MDAwMDAwMDAwMCwidXBkYXRlIjo2MDAwMDAwMDAwMH19"
        }
      ]
    },
    {
      "mode": "managed",
      "type": "yandex_vpc_subnet",
      "name": "subnet-1",
      "provider": "provider[\"registry.terraform.io/yandex-cloud/yandex\"]",
      "instances": [
        {
          "schema_version": 0,
          "attributes": {
            "created_at": "2022-11-30T12:43:14Z",
            "description": "",
            "dhcp_options": [],
            "folder_id": "b1gsm6ulbotlg988lk8m",
            "id": "e9bhmt5t7a6ed719kmdc",
            "labels": {},
            "name": "subnet1",
            "network_id": "enpsoujac1r4ar7undgu",
            "route_table_id": "",
            "timeouts": null,
            "v4_cidr_blocks": [
              "192.168.10.0/24"
            ],
            "v6_cidr_blocks": [],
            "zone": "ru-central1-a"
          },
          "sensitive_attributes": [],
          "private": "eyJlMmJmYjczMC1lY2FhLTExZTYtOGY4OC0zNDM2M2JjN2M0YzAiOnsiY3JlYXRlIjoxODAwMDAwMDAwMDAsImRlbGV0ZSI6MTgwMDAwMDAwMDAwLCJ1cGRhdGUiOjE4MDAwMDAwMDAwMH19",
          "dependencies": [
            "yandex_vpc_network.network-1"
          ]
        }
      ]
    }
  ],
  "check_results": null
}
